{
  "name": "example",
  "version": "1.0.0",
  "lockfileVersion": 1,
  "requires": true,
  "dependencies": {
    "wx-color-picker": {
      "version": "1.0.0",
      "resolved": "https://registry.npmjs.org/wx-color-picker/-/wx-color-picker-1.0.0.tgz",
      "integrity": "sha512-0ib17aghLoxlTKdulIT/gdW/L+yl3+jzkeli0NbnvLeWBc/p+N40iEkLlPf1fGZmqOdzY0wyUyuPe/lisHFHNQ=="
    }
  }
}
